
Microsoft Visual Studio Solution File, Format Version 12.00
# Visual Studio Version 17
VisualStudioVersion = 17.5.33502.453
MinimumVisualStudioVersion = 10.0.40219.1
Project("{FAE04EC0-301F-11D3-BF4B-00C04F79EFBC}") = "BlogDataLibrary", "BlogDataLibrary\BlogDataLibrary.csproj", "{541BD81F-56E0-4D13-82B6-DD4760800105}"
EndProject
Project("{00D1A9C2-B5F0-4AF3-8072-F6C62B433612}") = "MIRANDABlogDB", "MIRANDABlogDB\MIRANDABlogDB.sqlproj", "{F5904F37-7EE5-469A-A268-16205BF3A199}"
EndProject
Project("{FAE04EC0-301F-11D3-BF4B-00C04F79EFBC}") = "BlogTestUI", "BlogTestUI\BlogTestUI.csproj", "{0730DD42-1569-4E13-822C-8067B21CDFEF}"
EndProject
Global
	GlobalSection(SolutionConfigurationPlatforms) = preSolution
		Debug|Any CPU = Debug|Any CPU
		Release|Any CPU = Release|Any CPU
	EndGlobalSection
	GlobalSection(ProjectConfigurationPlatforms) = postSolution
		{541BD81F-56E0-4D13-82B6-DD4760800105}.Debug|Any CPU.ActiveCfg = Debug|Any CPU
		{541BD81F-56E0-4D13-82B6-DD4760800105}.Debug|Any CPU.Build.0 = Debug|Any CPU
		{541BD81F-56E0-4D13-82B6-DD4760800105}.Release|Any CPU.ActiveCfg = Release|Any CPU
		{541BD81F-56E0-4D13-82B6-DD4760800105}.Release|Any CPU.Build.0 = Release|Any CPU
		{F5904F37-7EE5-469A-A268-16205BF3A199}.Debug|Any CPU.ActiveCfg = Debug|Any CPU
		{F5904F37-7EE5-469A-A268-16205BF3A199}.Debug|Any CPU.Build.0 = Debug|Any CPU
		{F5904F37-7EE5-469A-A268-16205BF3A199}.Debug|Any CPU.Deploy.0 = Debug|Any CPU
		{F5904F37-7EE5-469A-A268-16205BF3A199}.Release|Any CPU.ActiveCfg = Release|Any CPU
		{F5904F37-7EE5-469A-A268-16205BF3A199}.Release|Any CPU.Build.0 = Release|Any CPU
		{F5904F37-7EE5-469A-A268-16205BF3A199}.Release|Any CPU.Deploy.0 = Release|Any CPU
		{0730DD42-1569-4E13-822C-8067B21CDFEF}.Debug|Any CPU.ActiveCfg = Debug|Any CPU
		{0730DD42-1569-4E13-822C-8067B21CDFEF}.Debug|Any CPU.Build.0 = Debug|Any CPU
		{0730DD42-1569-4E13-822C-8067B21CDFEF}.Release|Any CPU.ActiveCfg = Release|Any CPU
		{0730DD42-1569-4E13-822C-8067B21CDFEF}.Release|Any CPU.Build.0 = Release|Any CPU
	EndGlobalSection
	GlobalSection(SolutionProperties) = preSolution
		HideSolutionNode = FALSE
	EndGlobalSection
	GlobalSection(ExtensibilityGlobals) = postSolution
		SolutionGuid = {A3D717E8-F94B-4449-94DF-680B945C1D10}
	EndGlobalSection
EndGlobal
